hash: cd582cb1c22e7807a493940dc8e71c9df8c27b4e8402c31b58ae9dbf798b23bf
updated: 2017-07-22T18:27:34.623930855+02:00
imports:
- name: github.com/armon/go-radix
  version: 4239b77079c7b5d1243b7b4736304ce8ddb6f0f2
- name: github.com/aws/aws-sdk-go
  version: afd601335e2a72d43caa3af6bd2abe512fcc3bfd
  subpackages:
  - aws
  - aws/awserr
  - aws/awsutil
  - aws/client
  - aws/client/metadata
  - aws/corehandlers
  - aws/credentials
  - aws/credentials/ec2rolecreds
  - aws/credentials/endpointcreds
  - aws/credentials/stscreds
  - aws/defaults
  - aws/ec2metadata
  - aws/endpoints
  - aws/request
  - aws/session
  - aws/signer/v4
  - internal/shareddefaults
  - private/protocol
  - private/protocol/query
  - private/protocol/query/queryutil
  - private/protocol/rest
  - private/protocol/xml/xmlutil
  - service/sts
- name: github.com/bgentry/speakeasy
  version: 4aabc24848ce5fd31929f7d1e4ea74d3709c14cd
- name: github.com/go-ini/ini
  version: afbc45e87f3ba324c532d12c71918ef52e0fb194
- name: github.com/hashicorp/errwrap
  version: 7554cd9344cec97297fa6649b055a8c98c2a1e55
- name: github.com/hashicorp/go-multierror
  version: 83588e72410abfbe4df460eeb6f30841ae47d4c4
- name: github.com/jessevdk/go-flags
  version: 96dc06278ce32a0e9d957d590bb987c81ee66407
- name: github.com/jmespath/go-jmespath
  version: bd40a432e4c76585ef6b72d3fd96fb9b6dc7b68d
- name: github.com/mattn/go-isatty
  version: fc9e8d8ef48496124e79ae0df75490096eccf6fe
- name: github.com/mitchellh/cli
  version: d10eaaaf78c45b8e959311791db9fae4530a61bf
- name: github.com/pkg/errors
  version: ff09b135c25aae272398c51a07235b90a75aa4f0
- name: github.com/posener/complete
  version: e8d6fef54b6283f8bd3fbcb4a7de8884eb540293
  subpackages:
  - cmd
  - cmd/install
  - match
- name: golang.org/x/sys
  version: c4489faa6e5ab84c0ef40d6ee878f7a030281f0f
  subpackages:
  - unix
testImports: []
